{
  "name": "babel-plugin-extract-format-message",
  "version": "6.2.3",
  "lockfileVersion": 2,
  "requires": true,
  "packages": {
    "": {
      "version": "6.2.3",
      "license": "MIT",
      "dependencies": {
        "format-message-estree-util": "file:../format-message-estree-util/",
        "format-message-generate-id": "^6.2.3",
        "format-message-parse": "^6.2.3",
        "format-message-print": "^6.2.3"
      }
    },
    "../format-message-estree-util": {
      "version": "6.1.0",
      "license": "MIT"
    },
    "node_modules/crc32": {
      "version": "0.2.2",
      "resolved": "https://registry.npmjs.org/crc32/-/crc32-0.2.2.tgz",
      "integrity": "sha1-etIg1v/c0Rn5/BJ6d3LKzqOQpLo=",
      "bin": {
        "crc32": "bin/runner.js"
      },
      "engines": {
        "node": ">= 0.4.0"
      }
    },
    "node_modules/format-message-estree-util": {
      "resolved": "../format-message-estree-util",
      "link": true
    },
    "node_modules/format-message-generate-id": {
      "version": "6.2.3",
      "resolved": "https://registry.npmjs.org/format-message-generate-id/-/format-message-generate-id-6.2.3.tgz",
      "integrity": "sha512-ZGZmjIBG7+Bv2i5TedI0n6ds05kFTa8eqBgkgrgS+LRRM83wz/0T/3iKAvL8GY5QM9Do32txEuI7B8D5HVqASw==",
      "dependencies": {
        "crc32": "^0.2.2",
        "format-message-parse": "^6.2.3",
        "format-message-print": "^6.2.3"
      }
    },
    "node_modules/format-message-parse": {
      "version": "6.2.3",
      "resolved": "https://registry.npmjs.org/format-message-parse/-/format-message-parse-6.2.3.tgz",
      "integrity": "sha512-ZSL3nZ0zaDktDAGwkoGJ439rS9ZfTcMOrWAVav9BOAoKs0qE2Ozal2H6vVJOuIdDhwaJuFqvJ7fdRSE+qR5oNg=="
    },
    "node_modules/format-message-print": {
      "version": "6.2.3",
      "resolved": "https://registry.npmjs.org/format-message-print/-/format-message-print-6.2.3.tgz",
      "integrity": "sha512-mC3mel5jwDP4v5y6GrxaxZrgCNaF1QDSKJf6kYrHiJOWQT8Ykm7yaOcsS6UcHT99TPAtrwg8ATSx1K4/SxSvqA=="
    }
  },
  "dependencies": {
    "crc32": {
      "version": "0.2.2",
      "resolved": "https://registry.npmjs.org/crc32/-/crc32-0.2.2.tgz",
      "integrity": "sha1-etIg1v/c0Rn5/BJ6d3LKzqOQpLo="
    },
    "format-message-estree-util": {
      "version": "file:../format-message-estree-util"
    },
    "format-message-generate-id": {
      "version": "6.2.3",
      "resolved": "https://registry.npmjs.org/format-message-generate-id/-/format-message-generate-id-6.2.3.tgz",
      "integrity": "sha512-ZGZmjIBG7+Bv2i5TedI0n6ds05kFTa8eqBgkgrgS+LRRM83wz/0T/3iKAvL8GY5QM9Do32txEuI7B8D5HVqASw==",
      "requires": {
        "crc32": "^0.2.2",
        "format-message-parse": "^6.2.3",
        "format-message-print": "^6.2.3"
      }
    },
    "format-message-parse": {
      "version": "6.2.3",
      "resolved": "https://registry.npmjs.org/format-message-parse/-/format-message-parse-6.2.3.tgz",
      "integrity": "sha512-ZSL3nZ0zaDktDAGwkoGJ439rS9ZfTcMOrWAVav9BOAoKs0qE2Ozal2H6vVJOuIdDhwaJuFqvJ7fdRSE+qR5oNg=="
    },
    "format-message-print": {
      "version": "6.2.3",
      "resolved": "https://registry.npmjs.org/format-message-print/-/format-message-print-6.2.3.tgz",
      "integrity": "sha512-mC3mel5jwDP4v5y6GrxaxZrgCNaF1QDSKJf6kYrHiJOWQT8Ykm7yaOcsS6UcHT99TPAtrwg8ATSx1K4/SxSvqA=="
    }
  }
}
