{
  "name": "plottr_locales",
  "version": "0.0.1",
  "lockfileVersion": 2,
  "requires": true,
  "packages": {
    "": {
      "name": "plottr_locales",
      "version": "0.0.1",
      "hasInstallScript": true,
      "dependencies": {
        "format-message": "^6.2.3"
      }
    },
    "node_modules/format-message": {
      "version": "6.2.4",
      "resolved": "https://registry.npmjs.org/format-message/-/format-message-6.2.4.tgz",
      "integrity": "sha512-/24zYeSRy2ZlEO2OIctm7jOHvMpoWf+uhqFCaqqyZKi1C229zAAy2E5vF4lSSaMH0a2kewPrOzq6xN4Yy7cQrw==",
      "dependencies": {
        "format-message-formats": "^6.2.4",
        "format-message-interpret": "^6.2.4",
        "format-message-parse": "^6.2.4",
        "lookup-closest-locale": "^6.2.0"
      }
    },
    "node_modules/format-message-formats": {
      "version": "6.2.4",
      "resolved": "https://registry.npmjs.org/format-message-formats/-/format-message-formats-6.2.4.tgz",
      "integrity": "sha512-smT/fAqBLqusWfWCKRAx6QBDAAbmYznWsIyTyk66COmvwt2Byiqd7SJe2ma9a5oV0kwRaOJpN/F4lr4YK/n6qQ=="
    },
    "node_modules/format-message-interpret": {
      "version": "6.2.4",
      "resolved": "https://registry.npmjs.org/format-message-interpret/-/format-message-interpret-6.2.4.tgz",
      "integrity": "sha512-dRvz9mXhITApyOtfuFEb/XqvCe1u6RMkQW49UJHXS8w2S8cAHCqq5LNDFK+QK6XVzcofROycLb/k1uybTAKt2w==",
      "dependencies": {
        "format-message-formats": "^6.2.4",
        "lookup-closest-locale": "^6.2.0"
      }
    },
    "node_modules/format-message-parse": {
      "version": "6.2.4",
      "resolved": "https://registry.npmjs.org/format-message-parse/-/format-message-parse-6.2.4.tgz",
      "integrity": "sha512-k7WqXkEzgXkW4wkHdS6Cv2Ou0rIFtiDelZjgoe1saW4p7FT7zS8OeAUpAekhormqzpeecR97e4vBft1zMsfFOQ=="
    },
    "node_modules/lookup-closest-locale": {
      "version": "6.2.0",
      "resolved": "https://registry.npmjs.org/lookup-closest-locale/-/lookup-closest-locale-6.2.0.tgz",
      "integrity": "sha512-/c2kL+Vnp1jnV6K6RpDTHK3dgg0Tu2VVp+elEiJpjfS1UyY7AjOYHohRug6wT0OpoX2qFgNORndE9RqesfVxWQ=="
    }
  },
  "dependencies": {
    "format-message": {
      "version": "6.2.4",
      "resolved": "https://registry.npmjs.org/format-message/-/format-message-6.2.4.tgz",
      "integrity": "sha512-/24zYeSRy2ZlEO2OIctm7jOHvMpoWf+uhqFCaqqyZKi1C229zAAy2E5vF4lSSaMH0a2kewPrOzq6xN4Yy7cQrw==",
      "requires": {
        "format-message-formats": "^6.2.4",
        "format-message-interpret": "^6.2.4",
        "format-message-parse": "^6.2.4",
        "lookup-closest-locale": "^6.2.0"
      }
    },
    "format-message-formats": {
      "version": "6.2.4",
      "resolved": "https://registry.npmjs.org/format-message-formats/-/format-message-formats-6.2.4.tgz",
      "integrity": "sha512-smT/fAqBLqusWfWCKRAx6QBDAAbmYznWsIyTyk66COmvwt2Byiqd7SJe2ma9a5oV0kwRaOJpN/F4lr4YK/n6qQ=="
    },
    "format-message-interpret": {
      "version": "6.2.4",
      "resolved": "https://registry.npmjs.org/format-message-interpret/-/format-message-interpret-6.2.4.tgz",
      "integrity": "sha512-dRvz9mXhITApyOtfuFEb/XqvCe1u6RMkQW49UJHXS8w2S8cAHCqq5LNDFK+QK6XVzcofROycLb/k1uybTAKt2w==",
      "requires": {
        "format-message-formats": "^6.2.4",
        "lookup-closest-locale": "^6.2.0"
      }
    },
    "format-message-parse": {
      "version": "6.2.4",
      "resolved": "https://registry.npmjs.org/format-message-parse/-/format-message-parse-6.2.4.tgz",
      "integrity": "sha512-k7WqXkEzgXkW4wkHdS6Cv2Ou0rIFtiDelZjgoe1saW4p7FT7zS8OeAUpAekhormqzpeecR97e4vBft1zMsfFOQ=="
    },
    "lookup-closest-locale": {
      "version": "6.2.0",
      "resolved": "https://registry.npmjs.org/lookup-closest-locale/-/lookup-closest-locale-6.2.0.tgz",
      "integrity": "sha512-/c2kL+Vnp1jnV6K6RpDTHK3dgg0Tu2VVp+elEiJpjfS1UyY7AjOYHohRug6wT0OpoX2qFgNORndE9RqesfVxWQ=="
    }
  }
}
