{
  "name": "plttr_translation",
  "version": "0.0.1",
  "lockfileVersion": 1,
  "requires": true,
  "dependencies": {
    "format-message": {
      "version": "6.2.3",
      "resolved": "https://registry.npmjs.org/format-message/-/format-message-6.2.3.tgz",
      "integrity": "sha512-vtPM3hSLXtmPxRLWo4/FX2ylBMOTpV5wGNIq3OYv3ZyK7F+AWkftrAVsJ36gvY8Gw4Yp33xP2Ak+22Pm7sOV/A==",
      "requires": {
        "format-message-formats": "^6.2.0",
        "format-message-interpret": "^6.2.3",
        "format-message-parse": "^6.2.3",
        "lookup-closest-locale": "^6.2.0"
      }
    },
    "format-message-formats": {
      "version": "6.2.0",
      "resolved": "https://registry.npmjs.org/format-message-formats/-/format-message-formats-6.2.0.tgz",
      "integrity": "sha512-QP0dl1O9P3fDCG5klj101nfizgiWiv0T+DMNBqwi25FvB1LIenQQW4PpULk5zO5PiOSvmMu5pW4HS542kJRAww=="
    },
    "format-message-interpret": {
      "version": "6.2.3",
      "resolved": "https://registry.npmjs.org/format-message-interpret/-/format-message-interpret-6.2.3.tgz",
      "integrity": "sha512-OoOdB5yHLzW89RwDQW4fj+8p2Eay9Dtmx4B7Tz8C/QQl/j+aVjy65A5xasQhQD+4JumYU/OxMBdjYzBSR8+ivA==",
      "requires": {
        "format-message-formats": "^6.2.0",
        "lookup-closest-locale": "^6.2.0"
      }
    },
    "format-message-parse": {
      "version": "6.2.3",
      "resolved": "https://registry.npmjs.org/format-message-parse/-/format-message-parse-6.2.3.tgz",
      "integrity": "sha512-ZSL3nZ0zaDktDAGwkoGJ439rS9ZfTcMOrWAVav9BOAoKs0qE2Ozal2H6vVJOuIdDhwaJuFqvJ7fdRSE+qR5oNg=="
    },
    "lookup-closest-locale": {
      "version": "6.2.0",
      "resolved": "https://registry.npmjs.org/lookup-closest-locale/-/lookup-closest-locale-6.2.0.tgz",
      "integrity": "sha512-/c2kL+Vnp1jnV6K6RpDTHK3dgg0Tu2VVp+elEiJpjfS1UyY7AjOYHohRug6wT0OpoX2qFgNORndE9RqesfVxWQ=="
    }
  }
}
